{
  "originHash" : "9323b92373689771efabd262ee1628d41c71918e269dce32b7dfeb5059f56b37",
  "pins" : [
    {
      "identity" : "swifttreesitter",
      "kind" : "remoteSourceControl",
      "location" : "https://github.com/ChimeHQ/SwiftTreeSitter",
      "state" : {
        "branch" : "main",
        "revision" : "f07ede36bf7ea4d3ccc044c828ca58709048a40f"
      }
    },
    {
      "identity" : "tree-sitter",
      "kind" : "remoteSourceControl",
      "location" : "https://github.com/tree-sitter/tree-sitter",
      "state" : {
        "revision" : "da6fe9beb4f7f67beb75914ca8e0d48ae48d6406",
        "version" : "0.25.10"
      }
    },
    {
      "identity" : "tree-sitter-swift",
      "kind" : "remoteSourceControl",
      "location" : "https://github.com/alex-pinkus/tree-sitter-swift",
      "state" : {
        "branch" : "with-generated-files",
        "revision" : "190aedc3042a2a1fcc17838eb05b2b2f2c0b7880"
      }
    }
  ],
  "version" : 3
}
